
Microsoft Visual Studio Solution File, Format Version 12.00
# Visual Studio 15
VisualStudioVersion = 15.0.27130.2027
MinimumVisualStudioVersion = 10.0.40219.1
Project("{151D2E53-A2C4-4D7D-83FE-D05416EBD58E}") = "First Try", "Windows based Build Agent for VSTS\First Try.deployproj", "{CDFBC6DF-2642-47CC-995C-9F585B6867E5}"
EndProject
Global
	GlobalSection(SolutionConfigurationPlatforms) = preSolution
		Debug|Any CPU = Debug|Any CPU
		Release|Any CPU = Release|Any CPU
	EndGlobalSection
	GlobalSection(ProjectConfigurationPlatforms) = postSolution
		{CDFBC6DF-2642-47CC-995C-9F585B6867E5}.Debug|Any CPU.ActiveCfg = Debug|Any CPU
		{CDFBC6DF-2642-47CC-995C-9F585B6867E5}.Debug|Any CPU.Build.0 = Debug|Any CPU
		{CDFBC6DF-2642-47CC-995C-9F585B6867E5}.Release|Any CPU.ActiveCfg = Release|Any CPU
		{CDFBC6DF-2642-47CC-995C-9F585B6867E5}.Release|Any CPU.Build.0 = Release|Any CPU
	EndGlobalSection
	GlobalSection(SolutionProperties) = preSolution
		HideSolutionNode = FALSE
	EndGlobalSection
	GlobalSection(ExtensibilityGlobals) = postSolution
		SolutionGuid = {9E8DC31A-F6AC-4BA6-B4A2-A02CBDA93717}
	EndGlobalSection
EndGlobal
